
Microsoft Visual Studio Solution File, Format Version 12.00
# Visual Studio Version 16
VisualStudioVersion = 16.0.29403.142
MinimumVisualStudioVersion = 10.0.40219.1
Project("{00D1A9C2-B5F0-4AF3-8072-F6C62B433612}") = "ActiveServices", "ActiveServicesDb\ActiveServices.sqlproj", "{CADDF03F-A7A9-418B-8DFB-64A1C05A431C}"
EndProject
Project("{FAE04EC0-301F-11D3-BF4B-00C04F79EFBC}") = "ActiveServicesEntity", "ActiveServicesEntity\ActiveServicesEntity.csproj", "{7F57A66C-BE8B-460E-B256-87160623429B}"
EndProject
Project("{FAE04EC0-301F-11D3-BF4B-00C04F79EFBC}") = "ActiveServicesDriver", "ActiveServicesDriver\ActiveServicesDriver.csproj", "{A22C501F-D570-4540-9E45-4E8E7375660C}"
EndProject
Global
	GlobalSection(SolutionConfigurationPlatforms) = preSolution
		Debug|Any CPU = Debug|Any CPU
		Release|Any CPU = Release|Any CPU
	EndGlobalSection
	GlobalSection(ProjectConfigurationPlatforms) = postSolution
		{CADDF03F-A7A9-418B-8DFB-64A1C05A431C}.Debug|Any CPU.ActiveCfg = Debug|Any CPU
		{CADDF03F-A7A9-418B-8DFB-64A1C05A431C}.Debug|Any CPU.Build.0 = Debug|Any CPU
		{CADDF03F-A7A9-418B-8DFB-64A1C05A431C}.Debug|Any CPU.Deploy.0 = Debug|Any CPU
		{CADDF03F-A7A9-418B-8DFB-64A1C05A431C}.Release|Any CPU.ActiveCfg = Release|Any CPU
		{CADDF03F-A7A9-418B-8DFB-64A1C05A431C}.Release|Any CPU.Build.0 = Release|Any CPU
		{CADDF03F-A7A9-418B-8DFB-64A1C05A431C}.Release|Any CPU.Deploy.0 = Release|Any CPU
		{7F57A66C-BE8B-460E-B256-87160623429B}.Debug|Any CPU.ActiveCfg = Debug|Any CPU
		{7F57A66C-BE8B-460E-B256-87160623429B}.Debug|Any CPU.Build.0 = Debug|Any CPU
		{7F57A66C-BE8B-460E-B256-87160623429B}.Release|Any CPU.ActiveCfg = Release|Any CPU
		{7F57A66C-BE8B-460E-B256-87160623429B}.Release|Any CPU.Build.0 = Release|Any CPU
		{A22C501F-D570-4540-9E45-4E8E7375660C}.Debug|Any CPU.ActiveCfg = Debug|Any CPU
		{A22C501F-D570-4540-9E45-4E8E7375660C}.Debug|Any CPU.Build.0 = Debug|Any CPU
		{A22C501F-D570-4540-9E45-4E8E7375660C}.Release|Any CPU.ActiveCfg = Release|Any CPU
		{A22C501F-D570-4540-9E45-4E8E7375660C}.Release|Any CPU.Build.0 = Release|Any CPU
	EndGlobalSection
	GlobalSection(SolutionProperties) = preSolution
		HideSolutionNode = FALSE
	EndGlobalSection
	GlobalSection(ExtensibilityGlobals) = postSolution
		SolutionGuid = {CE9029BF-3CFF-4149-B7A5-8B68EC8906D5}
	EndGlobalSection
EndGlobal
